
Microsoft Visual Studio Solution File, Format Version 12.00
# Visual Studio 15
VisualStudioVersion = 15.0.28307.645
MinimumVisualStudioVersion = 10.0.40219.1
Project("{9A19103F-16F7-4668-BE54-9A1E7A4F7556}") = "DuplicatePackageFinder", "DuplicatePackageFinder\DuplicatePackageFinder.csproj", "{97881A1B-C42A-48A5-BDD8-BAC8C752C975}"
EndProject
Global
	GlobalSection(SolutionConfigurationPlatforms) = preSolution
		Debug|Any CPU = Debug|Any CPU
		Release|Any CPU = Release|Any CPU
	EndGlobalSection
	GlobalSection(ProjectConfigurationPlatforms) = postSolution
		{97881A1B-C42A-48A5-BDD8-BAC8C752C975}.Debug|Any CPU.ActiveCfg = Debug|Any CPU
		{97881A1B-C42A-48A5-BDD8-BAC8C752C975}.Debug|Any CPU.Build.0 = Debug|Any CPU
		{97881A1B-C42A-48A5-BDD8-BAC8C752C975}.Release|Any CPU.ActiveCfg = Release|Any CPU
		{97881A1B-C42A-48A5-BDD8-BAC8C752C975}.Release|Any CPU.Build.0 = Release|Any CPU
	EndGlobalSection
	GlobalSection(SolutionProperties) = preSolution
		HideSolutionNode = FALSE
	EndGlobalSection
	GlobalSection(ExtensibilityGlobals) = postSolution
		SolutionGuid = {51D4972A-7436-472D-B863-731CBA1C106A}
	EndGlobalSection
EndGlobal
